{
  "nodes": {
    "flake-utils": {
      "locked": {
        "lastModified": 1618217525,
        "narHash": "sha256-WGrhVczjXTiswQaoxQ+0PTfbLNeOQM6M36zvLn78AYg=",
        "owner": "numtide",
        "repo": "flake-utils",
        "rev": "c6169a2772643c4a93a0b5ac1c61e296cba68544",
        "type": "github"
      },
      "original": {
        "owner": "numtide",
        "repo": "flake-utils",
        "type": "github"
      }
    },
    "home": {
      "inputs": {
        "nixpkgs": [
          "unstable"
        ]
      },
      "locked": {
        "lastModified": 1629604291,
        "narHash": "sha256-aeZjd2MQ4eWRla1Ro+8c2gNJc8Dzz8HBlkDGQWiR2tQ=",
        "owner": "nix-community",
        "repo": "home-manager",
        "rev": "9f2b766d0f46fcc87881531e6a86eba514b8260d",
        "type": "github"
      },
      "original": {
        "owner": "nix-community",
        "ref": "release-21.05",
        "repo": "home-manager",
        "type": "github"
      }
    },
    "nixpkgs": {
      "locked": {
        "lastModified": 1629975973,
        "narHash": "sha256-ziVq6UO408cfvVSjsjdctaRw/hatrCD/vlOtXdkvWcM=",
        "owner": "nixos",
        "repo": "nixpkgs",
        "rev": "9d6766c0f0b3b03bd63ffc08b2e23e476145719d",
        "type": "github"
      },
      "original": {
        "owner": "nixos",
        "ref": "release-21.05",
        "repo": "nixpkgs",
        "type": "github"
      }
    },
    "root": {
      "inputs": {
        "home": "home",
        "nixpkgs": "nixpkgs",
        "unstable": "unstable",
        "utils": "utils"
      }
    },
    "unstable": {
      "locked": {
        "lastModified": 1629705759,
        "narHash": "sha256-M5sHgjA1OZn/c21pk64qd5kjbkBpbZuYwgaDEl9kiP8=",
        "owner": "nixos",
        "repo": "nixpkgs",
        "rev": "5bc8b980b9178ef9a4bb622320cf34e59ea2ea10",
        "type": "github"
      },
      "original": {
        "owner": "nixos",
        "ref": "nixos-unstable",
        "repo": "nixpkgs",
        "type": "github"
      }
    },
    "utils": {
      "inputs": {
        "flake-utils": "flake-utils"
      },
      "locked": {
        "lastModified": 1619358717,
        "narHash": "sha256-FkEOIW82ClvUBtD8aqPediM8FERldsOyjPIyapVa65I=",
        "owner": "gytis-ivaskevicius",
        "repo": "flake-utils-plus",
        "rev": "e7ae270a23695b50fbb6b72759a7fb1e3340ca86",
        "type": "github"
      },
      "original": {
        "owner": "gytis-ivaskevicius",
        "ref": "v1.1.0",
        "repo": "flake-utils-plus",
        "type": "github"
      }
    }
  },
  "root": "root",
  "version": 7
}
