{
  "nodes": {
    "flake-utils": {
      "inputs": {
        "systems": "systems"
      },
      "locked": {
        "lastModified": 1694529238,
        "narHash": "sha256-zsNZZGTGnMOf9YpHKJqMSsa0dXbfmxeoJ7xHlrt+xmY=",
        "owner": "numtide",
        "repo": "flake-utils",
        "rev": "ff7b65b44d01cf9ba6a71320833626af21126384",
        "type": "github"
      },
      "original": {
        "owner": "numtide",
        "repo": "flake-utils",
        "type": "github"
      }
    },
    "hardware": {
      "locked": {
        "lastModified": 1702453208,
        "narHash": "sha256-0wRi9SposfE2wHqjuKt8WO2izKB/ASDOV91URunIqgo=",
        "owner": "nixos",
        "repo": "nixos-hardware",
        "rev": "7763c6fd1f299cb9361ff2abf755ed9619ef01d6",
        "type": "github"
      },
      "original": {
        "owner": "nixos",
        "ref": "master",
        "repo": "nixos-hardware",
        "type": "github"
      }
    },
    "home": {
      "inputs": {
        "nixpkgs": [
          "nixpkgs"
        ]
      },
      "locked": {
        "lastModified": 1702814678,
        "narHash": "sha256-zDtO0jV2QLoddUJinLlTQrQqCUW3dPiIWOSYgg98T7E=",
        "owner": "nix-community",
        "repo": "home-manager",
        "rev": "1488651d02c1a7a15e284210f0d380a62d8d8cef",
        "type": "github"
      },
      "original": {
        "owner": "nix-community",
        "ref": "release-23.11",
        "repo": "home-manager",
        "type": "github"
      }
    },
    "impermanence": {
      "locked": {
        "lastModified": 1702984171,
        "narHash": "sha256-reIUBrUXibohXmvXRsgpvtlCE0QQSvWSA+qQCKohgR0=",
        "owner": "nix-community",
        "repo": "impermanence",
        "rev": "123e94200f63952639492796b8878e588a4a2851",
        "type": "github"
      },
      "original": {
        "owner": "nix-community",
        "ref": "master",
        "repo": "impermanence",
        "type": "github"
      }
    },
    "nixpkgs": {
      "locked": {
        "lastModified": 1702780907,
        "narHash": "sha256-blbrBBXjjZt6OKTcYX1jpe9SRof2P9ZYWPzq22tzXAA=",
        "owner": "nixos",
        "repo": "nixpkgs",
        "rev": "1e2e384c5b7c50dbf8e9c441a9e58d85f408b01f",
        "type": "github"
      },
      "original": {
        "owner": "nixos",
        "ref": "nixos-23.11",
        "repo": "nixpkgs",
        "type": "github"
      }
    },
    "root": {
      "inputs": {
        "hardware": "hardware",
        "home": "home",
        "impermanence": "impermanence",
        "nixpkgs": "nixpkgs",
        "utils": "utils"
      }
    },
    "systems": {
      "locked": {
        "lastModified": 1681028828,
        "narHash": "sha256-Vy1rq5AaRuLzOxct8nz4T6wlgyUR7zLU309k9mBC768=",
        "owner": "nix-systems",
        "repo": "default",
        "rev": "da67096a3b9bf56a91d16901293e51ba5b49a27e",
        "type": "github"
      },
      "original": {
        "owner": "nix-systems",
        "repo": "default",
        "type": "github"
      }
    },
    "utils": {
      "inputs": {
        "flake-utils": "flake-utils"
      },
      "locked": {
        "lastModified": 1696281284,
        "narHash": "sha256-xcmtTmoiiAOSk4abifbtqVZk0iwBcqJfg47iUbkwhcE=",
        "owner": "gytis-ivaskevicius",
        "repo": "flake-utils-plus",
        "rev": "6cf1e312fb259693c4930d07ca3cbe1d07ef4a48",
        "type": "github"
      },
      "original": {
        "owner": "gytis-ivaskevicius",
        "ref": "v1.4.0",
        "repo": "flake-utils-plus",
        "type": "github"
      }
    }
  },
  "root": "root",
  "version": 7
}
